// !$*UTF8*$!
{
	archiveVersion = 1;
	classes = {
	};
	objectVersion = 46;
	objects = {

/* Begin PBXBuildFile section */
		355584111ED86794008E57C5 /* AppDelegate.swift in Sources */ = {isa = PBXBuildFile; fileRef = 355584101ED86794008E57C5 /* AppDelegate.swift */; };
		355584131ED86794008E57C5 /* ViewController.swift in Sources */ = {isa = PBXBuildFile; fileRef = 355584121ED86794008E57C5 /* ViewController.swift */; };
		355584161ED86794008E57C5 /* Main.storyboard in Resources */ = {isa = PBXBuildFile; fileRef = 355584141ED86794008E57C5 /* Main.storyboard */; };
		355584191ED86794008E57C5 /* LargeDataSetCoreData.xcdatamodeld in Sources */ = {isa = PBXBuildFile; fileRef = 355584171ED86794008E57C5 /* LargeDataSetCoreData.xcdatamodeld */; };
		3555841B1ED86794008E57C5 /* Assets.xcassets in Resources */ = {isa = PBXBuildFile; fileRef = 3555841A1ED86794008E57C5 /* Assets.xcassets */; };
		3555841E1ED86794008E57C5 /* LaunchScreen.storyboard in Resources */ = {isa = PBXBuildFile; fileRef = 3555841C1ED86794008E57C5 /* LaunchScreen.storyboard */; };
		355584261ED867E2008E57C5 /* CoreDataStack.swift in Sources */ = {isa = PBXBuildFile; fileRef = 355584251ED867E2008E57C5 /* CoreDataStack.swift */; };
		355584281ED8695C008E57C5 /* ViewModel.swift in Sources */ = {isa = PBXBuildFile; fileRef = 355584271ED8695C008E57C5 /* ViewModel.swift */; };
		3555842F1ED86A2A008E57C5 /* City+CoreDataClass.swift in Sources */ = {isa = PBXBuildFile; fileRef = 3555842D1ED86A2A008E57C5 /* City+CoreDataClass.swift */; };
		355584301ED86A2A008E57C5 /* City+CoreDataProperties.swift in Sources */ = {isa = PBXBuildFile; fileRef = 3555842E1ED86A2A008E57C5 /* City+CoreDataProperties.swift */; };
		355584331ED874E1008E57C5 /* Country+CoreDataClass.swift in Sources */ = {isa = PBXBuildFile; fileRef = 355584311ED874E1008E57C5 /* Country+CoreDataClass.swift */; };
		355584341ED874E1008E57C5 /* Country+CoreDataProperties.swift in Sources */ = {isa = PBXBuildFile; fileRef = 355584321ED874E1008E57C5 /* Country+CoreDataProperties.swift */; };
/* End PBXBuildFile section */

/* Begin PBXFileReference section */
		3555840D1ED86794008E57C5 /* LargeDataSetCoreData.app */ = {isa = PBXFileReference; explicitFileType = wrapper.application; includeInIndex = 0; path = LargeDataSetCoreData.app; sourceTree = BUILT_PRODUCTS_DIR; };
		355584101ED86794008E57C5 /* AppDelegate.swift */ = {isa = PBXFileReference; lastKnownFileType = sourcecode.swift; path = AppDelegate.swift; sourceTree = "<group>"; };
		355584121ED86794008E57C5 /* ViewController.swift */ = {isa = PBXFileReference; lastKnownFileType = sourcecode.swift; path = ViewController.swift; sourceTree = "<group>"; };
		355584151ED86794008E57C5 /* Base */ = {isa = PBXFileReference; lastKnownFileType = file.storyboard; name = Base; path = Base.lproj/Main.storyboard; sourceTree = "<group>"; };
		355584181ED86794008E57C5 /* LargeDataSetCoreData.xcdatamodel */ = {isa = PBXFileReference; lastKnownFileType = wrapper.xcdatamodel; path = LargeDataSetCoreData.xcdatamodel; sourceTree = "<group>"; };
		3555841A1ED86794008E57C5 /* Assets.xcassets */ = {isa = PBXFileReference; lastKnownFileType = folder.assetcatalog; path = Assets.xcassets; sourceTree = "<group>"; };
		3555841D1ED86794008E57C5 /* Base */ = {isa = PBXFileReference; lastKnownFileType = file.storyboard; name = Base; path = Base.lproj/LaunchScreen.storyboard; sourceTree = "<group>"; };
		3555841F1ED86794008E57C5 /* Info.plist */ = {isa = PBXFileReference; lastKnownFileType = text.plist.xml; path = Info.plist; sourceTree = "<group>"; };
		355584251ED867E2008E57C5 /* CoreDataStack.swift */ = {isa = PBXFileReference; fileEncoding = 4; lastKnownFileType = sourcecode.swift; path = CoreDataStack.swift; sourceTree = "<group>"; };
		355584271ED8695C008E57C5 /* ViewModel.swift */ = {isa = PBXFileReference; fileEncoding = 4; lastKnownFileType = sourcecode.swift; path = ViewModel.swift; sourceTree = "<group>"; };
		3555842D1ED86A2A008E57C5 /* City+CoreDataClass.swift */ = {isa = PBXFileReference; fileEncoding = 4; lastKnownFileType = sourcecode.swift; name = "City+CoreDataClass.swift"; path = "LargeDataSetCoreData/City+CoreDataClass.swift"; sourceTree = "<group>"; };
		3555842E1ED86A2A008E57C5 /* City+CoreDataProperties.swift */ = {isa = PBXFileReference; fileEncoding = 4; lastKnownFileType = sourcecode.swift; name = "City+CoreDataProperties.swift"; path = "LargeDataSetCoreData/City+CoreDataProperties.swift"; sourceTree = "<group>"; };
		355584311ED874E1008E57C5 /* Country+CoreDataClass.swift */ = {isa = PBXFileReference; fileEncoding = 4; lastKnownFileType = sourcecode.swift; path = "Country+CoreDataClass.swift"; sourceTree = "<group>"; };
		355584321ED874E1008E57C5 /* Country+CoreDataProperties.swift */ = {isa = PBXFileReference; fileEncoding = 4; lastKnownFileType = sourcecode.swift; path = "Country+CoreDataProperties.swift"; sourceTree = "<group>"; };
/* End PBXFileReference section */

/* Begin PBXFrameworksBuildPhase section */
		3555840A1ED86794008E57C5 /* Frameworks */ = {
			isa = PBXFrameworksBuildPhase;
			buildActionMask = 2147483647;
			files = (
			);
			runOnlyForDeploymentPostprocessing = 0;
		};
/* End PBXFrameworksBuildPhase section */

/* Begin PBXGroup section */
		355584041ED86794008E57C5 = {
			isa = PBXGroup;
			children = (
				355584311ED874E1008E57C5 /* Country+CoreDataClass.swift */,
				355584321ED874E1008E57C5 /* Country+CoreDataProperties.swift */,
				3555842D1ED86A2A008E57C5 /* City+CoreDataClass.swift */,
				3555842E1ED86A2A008E57C5 /* City+CoreDataProperties.swift */,
				3555840F1ED86794008E57C5 /* LargeDataSetCoreData */,
				3555840E1ED86794008E57C5 /* Products */,
			);
			sourceTree = "<group>";
		};
		3555840E1ED86794008E57C5 /* Products */ = {
			isa = PBXGroup;
			children = (
				3555840D1ED86794008E57C5 /* LargeDataSetCoreData.app */,
			);
			name = Products;
			sourceTree = "<group>";
		};
		3555840F1ED86794008E57C5 /* LargeDataSetCoreData */ = {
			isa = PBXGroup;
			children = (
				355584101ED86794008E57C5 /* AppDelegate.swift */,
				355584121ED86794008E57C5 /* ViewController.swift */,
				355584141ED86794008E57C5 /* Main.storyboard */,
				3555841A1ED86794008E57C5 /* Assets.xcassets */,
				3555841C1ED86794008E57C5 /* LaunchScreen.storyboard */,
				3555841F1ED86794008E57C5 /* Info.plist */,
				355584171ED86794008E57C5 /* LargeDataSetCoreData.xcdatamodeld */,
				355584251ED867E2008E57C5 /* CoreDataStack.swift */,
				355584271ED8695C008E57C5 /* ViewModel.swift */,
			);
			path = LargeDataSetCoreData;
			sourceTree = "<group>";
		};
/* End PBXGroup section */

/* Begin PBXNativeTarget section */
		3555840C1ED86794008E57C5 /* LargeDataSetCoreData */ = {
			isa = PBXNativeTarget;
			buildConfigurationList = 355584221ED86794008E57C5 /* Build configuration list for PBXNativeTarget "LargeDataSetCoreData" */;
			buildPhases = (
				355584091ED86794008E57C5 /* Sources */,
				3555840A1ED86794008E57C5 /* Frameworks */,
				3555840B1ED86794008E57C5 /* Resources */,
			);
			buildRules = (
			);
			dependencies = (
			);
			name = LargeDataSetCoreData;
			productName = LargeDataSetCoreData;
			productReference = 3555840D1ED86794008E57C5 /* LargeDataSetCoreData.app */;
			productType = "com.apple.product-type.application";
		};
/* End PBXNativeTarget section */

/* Begin PBXProject section */
		355584051ED86794008E57C5 /* Project object */ = {
			isa = PBXProject;
			attributes = {
				LastSwiftUpdateCheck = 0830;
				LastUpgradeCheck = 0830;
				ORGANIZATIONNAME = "Michal Moskala";
				TargetAttributes = {
					3555840C1ED86794008E57C5 = {
						CreatedOnToolsVersion = 8.3.2;
						DevelopmentTeam = R77HUFLYN8;
						ProvisioningStyle = Automatic;
					};
				};
			};
			buildConfigurationList = 355584081ED86794008E57C5 /* Build configuration list for PBXProject "LargeDataSetCoreData" */;
			compatibilityVersion = "Xcode 3.2";
			developmentRegion = English;
			hasScannedForEncodings = 0;
			knownRegions = (
				en,
				Base,
			);
			mainGroup = 355584041ED86794008E57C5;
			productRefGroup = 3555840E1ED86794008E57C5 /* Products */;
			projectDirPath = "";
			projectRoot = "";
			targets = (
				3555840C1ED86794008E57C5 /* LargeDataSetCoreData */,
			);
		};
/* End PBXProject section */

/* Begin PBXResourcesBuildPhase section */
		3555840B1ED86794008E57C5 /* Resources */ = {
			isa = PBXResourcesBuildPhase;
			buildActionMask = 2147483647;
			files = (
				3555841E1ED86794008E57C5 /* LaunchScreen.storyboard in Resources */,
				3555841B1ED86794008E57C5 /* Assets.xcassets in Resources */,
				355584161ED86794008E57C5 /* Main.storyboard in Resources */,
			);
			runOnlyForDeploymentPostprocessing = 0;
		};
/* End PBXResourcesBuildPhase section */

/* Begin PBXSourcesBuildPhase section */
		355584091ED86794008E57C5 /* Sources */ = {
			isa = PBXSourcesBuildPhase;
			buildActionMask = 2147483647;
			files = (
				3555842F1ED86A2A008E57C5 /* City+CoreDataClass.swift in Sources */,
				355584281ED8695C008E57C5 /* ViewModel.swift in Sources */,
				355584301ED86A2A008E57C5 /* City+CoreDataProperties.swift in Sources */,
				355584131ED86794008E57C5 /* ViewController.swift in Sources */,
				355584191ED86794008E57C5 /* LargeDataSetCoreData.xcdatamodeld in Sources */,
				355584111ED86794008E57C5 /* AppDelegate.swift in Sources */,
				355584331ED874E1008E57C5 /* Country+CoreDataClass.swift in Sources */,
				355584261ED867E2008E57C5 /* CoreDataStack.swift in Sources */,
				355584341ED874E1008E57C5 /* Country+CoreDataProperties.swift in Sources */,
			);
			runOnlyForDeploymentPostprocessing = 0;
		};
/* End PBXSourcesBuildPhase section */

/* Begin PBXVariantGroup section */
		355584141ED86794008E57C5 /* Main.storyboard */ = {
			isa = PBXVariantGroup;
			children = (
				355584151ED86794008E57C5 /* Base */,
			);
			name = Main.storyboard;
			sourceTree = "<group>";
		};
		3555841C1ED86794008E57C5 /* LaunchScreen.storyboard */ = {
			isa = PBXVariantGroup;
			children = (
				3555841D1ED86794008E57C5 /* Base */,
			);
			name = LaunchScreen.storyboard;
			sourceTree = "<group>";
		};
/* End PBXVariantGroup section */

/* Begin XCBuildConfiguration section */
		355584201ED86794008E57C5 /* Debug */ = {
			isa = XCBuildConfiguration;
			buildSettings = {
				ALWAYS_SEARCH_USER_PATHS = NO;
				CLANG_ANALYZER_NONNULL = YES;
				CLANG_ANALYZER_NUMBER_OBJECT_CONVERSION = YES_AGGRESSIVE;
				CLANG_CXX_LANGUAGE_STANDARD = "gnu++0x";
				CLANG_CXX_LIBRARY = "libc++";
				CLANG_ENABLE_MODULES = YES;
				CLANG_ENABLE_OBJC_ARC = YES;
				CLANG_WARN_BOOL_CONVERSION = YES;
				CLANG_WARN_CONSTANT_CONVERSION = YES;
				CLANG_WARN_DIRECT_OBJC_ISA_USAGE = YES_ERROR;
				CLANG_WARN_DOCUMENTATION_COMMENTS = YES;
				CLANG_WARN_EMPTY_BODY = YES;
				CLANG_WARN_ENUM_CONVERSION = YES;
				CLANG_WARN_INFINITE_RECURSION = YES;
				CLANG_WARN_INT_CONVERSION = YES;
				CLANG_WARN_OBJC_ROOT_CLASS = YES_ERROR;
				CLANG_WARN_SUSPICIOUS_MOVE = YES;
				CLANG_WARN_UNREACHABLE_CODE = YES;
				CLANG_WARN__DUPLICATE_METHOD_MATCH = YES;
				"CODE_SIGN_IDENTITY[sdk=iphoneos*]" = "iPhone Developer";
				COPY_PHASE_STRIP = NO;
				DEBUG_INFORMATION_FORMAT = dwarf;
				ENABLE_STRICT_OBJC_MSGSEND = YES;
				ENABLE_TESTABILITY = YES;
				GCC_C_LANGUAGE_STANDARD = gnu99;
				GCC_DYNAMIC_NO_PIC = NO;
				GCC_NO_COMMON_BLOCKS = YES;
				GCC_OPTIMIZATION_LEVEL = 0;
				GCC_PREPROCESSOR_DEFINITIONS = (
					"DEBUG=1",
					"$(inherited)",
				);
				GCC_WARN_64_TO_32_BIT_CONVERSION = YES;
				GCC_WARN_ABOUT_RETURN_TYPE = YES_ERROR;
				GCC_WARN_UNDECLARED_SELECTOR = YES;
				GCC_WARN_UNINITIALIZED_AUTOS = YES_AGGRESSIVE;
				GCC_WARN_UNUSED_FUNCTION = YES;
				GCC_WARN_UNUSED_VARIABLE = YES;
				IPHONEOS_DEPLOYMENT_TARGET = 10.3;
				MTL_ENABLE_DEBUG_INFO = YES;
				ONLY_ACTIVE_ARCH = YES;
				SDKROOT = iphoneos;
				SWIFT_ACTIVE_COMPILATION_CONDITIONS = DEBUG;
				SWIFT_OPTIMIZATION_LEVEL = "-Onone";
			};
			name = Debug;
		};
		355584211ED86794008E57C5 /* Release */ = {
			isa = XCBuildConfiguration;
			buildSettings = {
				ALWAYS_SEARCH_USER_PATHS = NO;
				CLANG_ANALYZER_NONNULL = YES;
				CLANG_ANALYZER_NUMBER_OBJECT_CONVERSION = YES_AGGRESSIVE;
				CLANG_CXX_LANGUAGE_STANDARD = "gnu++0x";
				CLANG_CXX_LIBRARY = "libc++";
				CLANG_ENABLE_MODULES = YES;
				CLANG_ENABLE_OBJC_ARC = YES;
				CLANG_WARN_BOOL_CONVERSION = YES;
				CLANG_WARN_CONSTANT_CONVERSION = YES;
				CLANG_WARN_DIRECT_OBJC_ISA_USAGE = YES_ERROR;
				CLANG_WARN_DOCUMENTATION_COMMENTS = YES;
				CLANG_WARN_EMPTY_BODY = YES;
				CLANG_WARN_ENUM_CONVERSION = YES;
				CLANG_WARN_INFINITE_RECURSION = YES;
				CLANG_WARN_INT_CONVERSION = YES;
				CLANG_WARN_OBJC_ROOT_CLASS = YES_ERROR;
				CLANG_WARN_SUSPICIOUS_MOVE = YES;
				CLANG_WARN_UNREACHABLE_CODE = YES;
				CLANG_WARN__DUPLICATE_METHOD_MATCH = YES;
				"CODE_SIGN_IDENTITY[sdk=iphoneos*]" = "iPhone Developer";
				COPY_PHASE_STRIP = NO;
				DEBUG_INFORMATION_FORMAT = "dwarf-with-dsym";
				ENABLE_NS_ASSERTIONS = NO;
				ENABLE_STRICT_OBJC_MSGSEND = YES;
				GCC_C_LANGUAGE_STANDARD = gnu99;
				GCC_NO_COMMON_BLOCKS = YES;
				GCC_WARN_64_TO_32_BIT_CONVERSION = YES;
				GCC_WARN_ABOUT_RETURN_TYPE = YES_ERROR;
				GCC_WARN_UNDECLARED_SELECTOR = YES;
				GCC_WARN_UNINITIALIZED_AUTOS = YES_AGGRESSIVE;
				GCC_WARN_UNUSED_FUNCTION = YES;
				GCC_WARN_UNUSED_VARIABLE = YES;
				IPHONEOS_DEPLOYMENT_TARGET = 10.3;
				MTL_ENABLE_DEBUG_INFO = NO;
				SDKROOT = iphoneos;
				SWIFT_OPTIMIZATION_LEVEL = "-Owholemodule";
				VALIDATE_PRODUCT = YES;
			};
			name = Release;
		};
		355584231ED86794008E57C5 /* Debug */ = {
			isa = XCBuildConfiguration;
			buildSettings = {
				ASSETCATALOG_COMPILER_APPICON_NAME = AppIcon;
				DEVELOPMENT_TEAM = R77HUFLYN8;
				INFOPLIST_FILE = LargeDataSetCoreData/Info.plist;
				LD_RUNPATH_SEARCH_PATHS = "$(inherited) @executable_path/Frameworks";
				PRODUCT_BUNDLE_IDENTIFIER = com.michal.moskala.LargeDataSetCoreData;
				PRODUCT_NAME = "$(TARGET_NAME)";
				SWIFT_VERSION = 3.0;
			};
			name = Debug;
		};
		355584241ED86794008E57C5 /* Release */ = {
			isa = XCBuildConfiguration;
			buildSettings = {
				ASSETCATALOG_COMPILER_APPICON_NAME = AppIcon;
				DEVELOPMENT_TEAM = R77HUFLYN8;
				INFOPLIST_FILE = LargeDataSetCoreData/Info.plist;
				LD_RUNPATH_SEARCH_PATHS = "$(inherited) @executable_path/Frameworks";
				PRODUCT_BUNDLE_IDENTIFIER = com.michal.moskala.LargeDataSetCoreData;
				PRODUCT_NAME = "$(TARGET_NAME)";
				SWIFT_VERSION = 3.0;
			};
			name = Release;
		};
/* End XCBuildConfiguration section */

/* Begin XCConfigurationList section */
		355584081ED86794008E57C5 /* Build configuration list for PBXProject "LargeDataSetCoreData" */ = {
			isa = XCConfigurationList;
			buildConfigurations = (
				355584201ED86794008E57C5 /* Debug */,
				355584211ED86794008E57C5 /* Release */,
			);
			defaultConfigurationIsVisible = 0;
			defaultConfigurationName = Release;
		};
		355584221ED86794008E57C5 /* Build configuration list for PBXNativeTarget "LargeDataSetCoreData" */ = {
			isa = XCConfigurationList;
			buildConfigurations = (
				355584231ED86794008E57C5 /* Debug */,
				355584241ED86794008E57C5 /* Release */,
			);
			defaultConfigurationIsVisible = 0;
		};
/* End XCConfigurationList section */

/* Begin XCVersionGroup section */
		355584171ED86794008E57C5 /* LargeDataSetCoreData.xcdatamodeld */ = {
			isa = XCVersionGroup;
			children = (
				355584181ED86794008E57C5 /* LargeDataSetCoreData.xcdatamodel */,
			);
			currentVersion = 355584181ED86794008E57C5 /* LargeDataSetCoreData.xcdatamodel */;
			path = LargeDataSetCoreData.xcdatamodeld;
			sourceTree = "<group>";
			versionGroupType = wrapper.xcdatamodel;
		};
/* End XCVersionGroup section */
	};
	rootObject = 355584051ED86794008E57C5 /* Project object */;
}
